
Microsoft Visual Studio Solution File, Format Version 12.00
# Visual Studio 15
VisualStudioVersion = 15.0.27428.1
MinimumVisualStudioVersion = 10.0.40219.1
Project("{FAE04EC0-301F-11D3-BF4B-00C04F79EFBC}") = "HwaTec.Blog", "HwaTec.Blog\HwaTec.Blog.csproj", "{040A3D81-76E7-4447-92EC-C83675377549}"
EndProject
Project("{FAE04EC0-301F-11D3-BF4B-00C04F79EFBC}") = "HwaTec.Blog.Service", "HwaTec.Blog.Service\HwaTec.Blog.Service.csproj", "{5DD28EB6-3071-4933-8207-423805DB9B4B}"
EndProject
Project("{FAE04EC0-301F-11D3-BF4B-00C04F79EFBC}") = "HwaTec.Blog.Repository", "HwaTec.Blog.Repository\HwaTec.Blog.Repository.csproj", "{3F145C02-94BD-4F18-9712-45BA5657C22B}"
EndProject
Project("{FAE04EC0-301F-11D3-BF4B-00C04F79EFBC}") = "HwaTec.Blog.Model", "HwaTec.Blog.Model\HwaTec.Blog.Model.csproj", "{D097DB61-F5A2-47E4-BCB2-BB692A599050}"
EndProject
Global
	GlobalSection(SolutionConfigurationPlatforms) = preSolution
		Debug|Any CPU = Debug|Any CPU
		Release|Any CPU = Release|Any CPU
	EndGlobalSection
	GlobalSection(ProjectConfigurationPlatforms) = postSolution
		{040A3D81-76E7-4447-92EC-C83675377549}.Debug|Any CPU.ActiveCfg = Debug|Any CPU
		{040A3D81-76E7-4447-92EC-C83675377549}.Debug|Any CPU.Build.0 = Debug|Any CPU
		{040A3D81-76E7-4447-92EC-C83675377549}.Release|Any CPU.ActiveCfg = Release|Any CPU
		{040A3D81-76E7-4447-92EC-C83675377549}.Release|Any CPU.Build.0 = Release|Any CPU
		{5DD28EB6-3071-4933-8207-423805DB9B4B}.Debug|Any CPU.ActiveCfg = Debug|Any CPU
		{5DD28EB6-3071-4933-8207-423805DB9B4B}.Debug|Any CPU.Build.0 = Debug|Any CPU
		{5DD28EB6-3071-4933-8207-423805DB9B4B}.Release|Any CPU.ActiveCfg = Release|Any CPU
		{5DD28EB6-3071-4933-8207-423805DB9B4B}.Release|Any CPU.Build.0 = Release|Any CPU
		{3F145C02-94BD-4F18-9712-45BA5657C22B}.Debug|Any CPU.ActiveCfg = Debug|Any CPU
		{3F145C02-94BD-4F18-9712-45BA5657C22B}.Debug|Any CPU.Build.0 = Debug|Any CPU
		{3F145C02-94BD-4F18-9712-45BA5657C22B}.Release|Any CPU.ActiveCfg = Release|Any CPU
		{3F145C02-94BD-4F18-9712-45BA5657C22B}.Release|Any CPU.Build.0 = Release|Any CPU
		{D097DB61-F5A2-47E4-BCB2-BB692A599050}.Debug|Any CPU.ActiveCfg = Debug|Any CPU
		{D097DB61-F5A2-47E4-BCB2-BB692A599050}.Debug|Any CPU.Build.0 = Debug|Any CPU
		{D097DB61-F5A2-47E4-BCB2-BB692A599050}.Release|Any CPU.ActiveCfg = Release|Any CPU
		{D097DB61-F5A2-47E4-BCB2-BB692A599050}.Release|Any CPU.Build.0 = Release|Any CPU
	EndGlobalSection
	GlobalSection(SolutionProperties) = preSolution
		HideSolutionNode = FALSE
	EndGlobalSection
	GlobalSection(ExtensibilityGlobals) = postSolution
		SolutionGuid = {CD3955B3-2413-4BEC-9386-6B83AF68DB79}
	EndGlobalSection
EndGlobal
